// !$*UTF8*$!
{
	archiveVersion = 1;
	classes = {
	};
	objectVersion = 56;
	objects = {

/* Begin PBXBuildFile section */
		034842A265136D69FDACE524 /* Pods_Reminder.framework in Frameworks */ = {isa = PBXBuildFile; fileRef = 13DFBB02C5E8EE7A1D9630F4 /* Pods_Reminder.framework */; };
		6D02DFAD2D2C7847003C59E4 /* NewReceiptView.swift in Sources */ = {isa = PBXBuildFile; fileRef = 6D02DFAC2D2C7847003C59E4 /* NewReceiptView.swift */; };
		6D02DFAF2D2C787A003C59E4 /* NewReceiptViewController.swift in Sources */ = {isa = PBXBuildFile; fileRef = 6D02DFAE2D2C787A003C59E4 /* NewReceiptViewController.swift */; };
		6D02DFB22D2C81C7003C59E4 /* Input.swift in Sources */ = {isa = PBXBuildFile; fileRef = 6D02DFB12D2C81C7003C59E4 /* Input.swift */; };
		6D031F2E2D22E61B001EE167 /* ReminderFlowController.swift in Sources */ = {isa = PBXBuildFile; fileRef = 6D031F2D2D22E61B001EE167 /* ReminderFlowController.swift */; };
		6D031F302D2307F2001EE167 /* LoginBottomSheetViewModelDelegate.swift in Sources */ = {isa = PBXBuildFile; fileRef = 6D031F2F2D2307F2001EE167 /* LoginBottomSheetViewModelDelegate.swift */; };
		6D031F322D23091F001EE167 /* LoginBottomSheetFlowDelegate.swift in Sources */ = {isa = PBXBuildFile; fileRef = 6D031F312D23091F001EE167 /* LoginBottomSheetFlowDelegate.swift */; };
		6D031F342D230D6D001EE167 /* SplashFlowDelegate.swift in Sources */ = {isa = PBXBuildFile; fileRef = 6D031F332D230D6D001EE167 /* SplashFlowDelegate.swift */; };
		6D031F392D231AED001EE167 /* ViewControllersFactoryProtocol.swift in Sources */ = {isa = PBXBuildFile; fileRef = 6D031F382D231AED001EE167 /* ViewControllersFactoryProtocol.swift */; };
		6D031F3B2D231B38001EE167 /* ViewControllersFactory.swift in Sources */ = {isa = PBXBuildFile; fileRef = 6D031F3A2D231B38001EE167 /* ViewControllersFactory.swift */; };
		6D0C9BC82D242F0600BF12BC /* UIViewController+Ext.swift in Sources */ = {isa = PBXBuildFile; fileRef = 6D0C9BC72D242F0600BF12BC /* UIViewController+Ext.swift */; };
		6D0C9BCD2D2460D700BF12BC /* UIImageView+Ext.swift in Sources */ = {isa = PBXBuildFile; fileRef = 6D0C9BCC2D2460D700BF12BC /* UIImageView+Ext.swift */; };
		6D5FAC962D25C8DA0040446F /* HomeViewDelegate.swift in Sources */ = {isa = PBXBuildFile; fileRef = 6D5FAC952D25C8DA0040446F /* HomeViewDelegate.swift */; };
		6D64DC1B2D2D663900D070BA /* Checkbox.swift in Sources */ = {isa = PBXBuildFile; fileRef = 6D64DC1A2D2D663900D070BA /* Checkbox.swift */; };
		6D64DC1D2D2D981400D070BA /* NewReceiptFlowDelegate.swift in Sources */ = {isa = PBXBuildFile; fileRef = 6D64DC1C2D2D981400D070BA /* NewReceiptFlowDelegate.swift */; };
		6D64DC1F2D2D9ECC00D070BA /* NewReceiptViewDelegate.swift in Sources */ = {isa = PBXBuildFile; fileRef = 6D64DC1E2D2D9ECC00D070BA /* NewReceiptViewDelegate.swift */; };
		6D8F08F62D1E06E4007DD3AE /* Typograph.swift in Sources */ = {isa = PBXBuildFile; fileRef = 6D8F08F52D1E06E4007DD3AE /* Typograph.swift */; };
		6D8F08F82D1E08FA007DD3AE /* Metrics.swift in Sources */ = {isa = PBXBuildFile; fileRef = 6D8F08F72D1E08FA007DD3AE /* Metrics.swift */; };
		6DB56A802D21BA2E00AEFC73 /* NunitoSans-Regular.ttf in Resources */ = {isa = PBXBuildFile; fileRef = 6DB56A7D2D21BA2E00AEFC73 /* NunitoSans-Regular.ttf */; };
		6DB56A812D21BA2E00AEFC73 /* NunitoSans-ExtraBold.ttf in Resources */ = {isa = PBXBuildFile; fileRef = 6DB56A7E2D21BA2E00AEFC73 /* NunitoSans-ExtraBold.ttf */; };
		6DB56A822D21BA2E00AEFC73 /* NunitoSans-SemiBold.ttf in Resources */ = {isa = PBXBuildFile; fileRef = 6DB56A7F2D21BA2E00AEFC73 /* NunitoSans-SemiBold.ttf */; };
		6DB56A842D21C59900AEFC73 /* LoginBottomSheetViewDelegate.swift in Sources */ = {isa = PBXBuildFile; fileRef = 6DB56A832D21C59900AEFC73 /* LoginBottomSheetViewDelegate.swift */; };
		6DB56A872D21CA7900AEFC73 /* LoginBottomSheetViewModel.swift in Sources */ = {isa = PBXBuildFile; fileRef = 6DB56A862D21CA7900AEFC73 /* LoginBottomSheetViewModel.swift */; };
		6DB56A892D21CF9600AEFC73 /* GoogleService-Info.plist in Resources */ = {isa = PBXBuildFile; fileRef = 6DB56A882D21CF9600AEFC73 /* GoogleService-Info.plist */; };
		6DCDA9AE2D2B075A00AFA3DE /* ButtonHomeView.swift in Sources */ = {isa = PBXBuildFile; fileRef = 6DCDA9AD2D2B075A00AFA3DE /* ButtonHomeView.swift */; };
		6DE6EA2B2D1A0F91009CF554 /* AppDelegate.swift in Sources */ = {isa = PBXBuildFile; fileRef = 6DE6EA2A2D1A0F91009CF554 /* AppDelegate.swift */; };
		6DE6EA2D2D1A0F91009CF554 /* SceneDelegate.swift in Sources */ = {isa = PBXBuildFile; fileRef = 6DE6EA2C2D1A0F91009CF554 /* SceneDelegate.swift */; };
		6DE6EA342D1A0F94009CF554 /* Assets.xcassets in Resources */ = {isa = PBXBuildFile; fileRef = 6DE6EA332D1A0F94009CF554 /* Assets.xcassets */; };
		6DE6EA422D1AE44A009CF554 /* SplashViewController.swift in Sources */ = {isa = PBXBuildFile; fileRef = 6DE6EA412D1AE44A009CF554 /* SplashViewController.swift */; };
		6DE6EA442D1AE4F2009CF554 /* SplashView.swift in Sources */ = {isa = PBXBuildFile; fileRef = 6DE6EA432D1AE4F2009CF554 /* SplashView.swift */; };
		6DE6EA482D1AF0B1009CF554 /* Colors.swift in Sources */ = {isa = PBXBuildFile; fileRef = 6DE6EA472D1AF0B1009CF554 /* Colors.swift */; };
		6DE6EA4A2D1AF2C8009CF554 /* UIColor+Ext.swift in Sources */ = {isa = PBXBuildFile; fileRef = 6DE6EA492D1AF2C8009CF554 /* UIColor+Ext.swift */; };
		6DF8F8F22D23903800283374 /* User.swift in Sources */ = {isa = PBXBuildFile; fileRef = 6DF8F8F12D23903700283374 /* User.swift */; };
		6DF8F8F52D23912B00283374 /* UserDefaultsManager.swift in Sources */ = {isa = PBXBuildFile; fileRef = 6DF8F8F42D23912B00283374 /* UserDefaultsManager.swift */; };
		6DF8F8F82D23AC9B00283374 /* HomeViewController.swift in Sources */ = {isa = PBXBuildFile; fileRef = 6DF8F8F72D23AC9B00283374 /* HomeViewController.swift */; };
		6DF8F8FA2D23ACBF00283374 /* HomeFlowDelegate.swift in Sources */ = {isa = PBXBuildFile; fileRef = 6DF8F8F92D23ACBF00283374 /* HomeFlowDelegate.swift */; };
		6DF8F8FC2D23ADE900283374 /* HomeView.swift in Sources */ = {isa = PBXBuildFile; fileRef = 6DF8F8FB2D23ADE900283374 /* HomeView.swift */; };
		6DF8F9002D23AEFE00283374 /* HomeViewModel.swift in Sources */ = {isa = PBXBuildFile; fileRef = 6DF8F8FF2D23AEFE00283374 /* HomeViewModel.swift */; };
		6DFBA89D2D20720600511006 /* LoginBottomSheetViewController.swift in Sources */ = {isa = PBXBuildFile; fileRef = 6DFBA89C2D20720600511006 /* LoginBottomSheetViewController.swift */; };
		6DFBA89F2D20724200511006 /* LoginBottomSheetView.swift in Sources */ = {isa = PBXBuildFile; fileRef = 6DFBA89E2D20724200511006 /* LoginBottomSheetView.swift */; };
		6DFBA8A52D20811100511006 /* Localizable.strings in Resources */ = {isa = PBXBuildFile; fileRef = 6DFBA8A32D20811100511006 /* Localizable.strings */; };
		6DFBA8A82D2081D600511006 /* String+Ext.swift in Sources */ = {isa = PBXBuildFile; fileRef = 6DFBA8A72D2081D600511006 /* String+Ext.swift */; };
/* End PBXBuildFile section */

/* Begin PBXFileReference section */
		13DFBB02C5E8EE7A1D9630F4 /* Pods_Reminder.framework */ = {isa = PBXFileReference; explicitFileType = wrapper.framework; includeInIndex = 0; path = Pods_Reminder.framework; sourceTree = BUILT_PRODUCTS_DIR; };
		6D02DFAC2D2C7847003C59E4 /* NewReceiptView.swift */ = {isa = PBXFileReference; lastKnownFileType = sourcecode.swift; path = NewReceiptView.swift; sourceTree = "<group>"; };
		6D02DFAE2D2C787A003C59E4 /* NewReceiptViewController.swift */ = {isa = PBXFileReference; lastKnownFileType = sourcecode.swift; path = NewReceiptViewController.swift; sourceTree = "<group>"; };
		6D02DFB12D2C81C7003C59E4 /* Input.swift */ = {isa = PBXFileReference; lastKnownFileType = sourcecode.swift; path = Input.swift; sourceTree = "<group>"; };
		6D031F2D2D22E61B001EE167 /* ReminderFlowController.swift */ = {isa = PBXFileReference; lastKnownFileType = sourcecode.swift; path = ReminderFlowController.swift; sourceTree = "<group>"; };
		6D031F2F2D2307F2001EE167 /* LoginBottomSheetViewModelDelegate.swift */ = {isa = PBXFileReference; lastKnownFileType = sourcecode.swift; path = LoginBottomSheetViewModelDelegate.swift; sourceTree = "<group>"; };
		6D031F312D23091F001EE167 /* LoginBottomSheetFlowDelegate.swift */ = {isa = PBXFileReference; lastKnownFileType = sourcecode.swift; path = LoginBottomSheetFlowDelegate.swift; sourceTree = "<group>"; };
		6D031F332D230D6D001EE167 /* SplashFlowDelegate.swift */ = {isa = PBXFileReference; lastKnownFileType = sourcecode.swift; path = SplashFlowDelegate.swift; sourceTree = "<group>"; };
		6D031F382D231AED001EE167 /* ViewControllersFactoryProtocol.swift */ = {isa = PBXFileReference; lastKnownFileType = sourcecode.swift; path = ViewControllersFactoryProtocol.swift; sourceTree = "<group>"; };
		6D031F3A2D231B38001EE167 /* ViewControllersFactory.swift */ = {isa = PBXFileReference; lastKnownFileType = sourcecode.swift; path = ViewControllersFactory.swift; sourceTree = "<group>"; };
		6D0C9BC72D242F0600BF12BC /* UIViewController+Ext.swift */ = {isa = PBXFileReference; lastKnownFileType = sourcecode.swift; path = "UIViewController+Ext.swift"; sourceTree = "<group>"; };
		6D0C9BCC2D2460D700BF12BC /* UIImageView+Ext.swift */ = {isa = PBXFileReference; lastKnownFileType = sourcecode.swift; path = "UIImageView+Ext.swift"; sourceTree = "<group>"; };
		6D5FAC952D25C8DA0040446F /* HomeViewDelegate.swift */ = {isa = PBXFileReference; lastKnownFileType = sourcecode.swift; path = HomeViewDelegate.swift; sourceTree = "<group>"; };
		6D64DC1A2D2D663900D070BA /* Checkbox.swift */ = {isa = PBXFileReference; lastKnownFileType = sourcecode.swift; path = Checkbox.swift; sourceTree = "<group>"; };
		6D64DC1C2D2D981400D070BA /* NewReceiptFlowDelegate.swift */ = {isa = PBXFileReference; lastKnownFileType = sourcecode.swift; path = NewReceiptFlowDelegate.swift; sourceTree = "<group>"; };
		6D64DC1E2D2D9ECC00D070BA /* NewReceiptViewDelegate.swift */ = {isa = PBXFileReference; lastKnownFileType = sourcecode.swift; path = NewReceiptViewDelegate.swift; sourceTree = "<group>"; };
		6D8F08F52D1E06E4007DD3AE /* Typograph.swift */ = {isa = PBXFileReference; lastKnownFileType = sourcecode.swift; path = Typograph.swift; sourceTree = "<group>"; };
		6D8F08F72D1E08FA007DD3AE /* Metrics.swift */ = {isa = PBXFileReference; lastKnownFileType = sourcecode.swift; path = Metrics.swift; sourceTree = "<group>"; };
		6DB56A7D2D21BA2E00AEFC73 /* NunitoSans-Regular.ttf */ = {isa = PBXFileReference; lastKnownFileType = file; path = "NunitoSans-Regular.ttf"; sourceTree = "<group>"; };
		6DB56A7E2D21BA2E00AEFC73 /* NunitoSans-ExtraBold.ttf */ = {isa = PBXFileReference; lastKnownFileType = file; path = "NunitoSans-ExtraBold.ttf"; sourceTree = "<group>"; };
		6DB56A7F2D21BA2E00AEFC73 /* NunitoSans-SemiBold.ttf */ = {isa = PBXFileReference; lastKnownFileType = file; path = "NunitoSans-SemiBold.ttf"; sourceTree = "<group>"; };
		6DB56A832D21C59900AEFC73 /* LoginBottomSheetViewDelegate.swift */ = {isa = PBXFileReference; lastKnownFileType = sourcecode.swift; path = LoginBottomSheetViewDelegate.swift; sourceTree = "<group>"; };
		6DB56A862D21CA7900AEFC73 /* LoginBottomSheetViewModel.swift */ = {isa = PBXFileReference; lastKnownFileType = sourcecode.swift; path = LoginBottomSheetViewModel.swift; sourceTree = "<group>"; };
		6DB56A882D21CF9600AEFC73 /* GoogleService-Info.plist */ = {isa = PBXFileReference; fileEncoding = 4; lastKnownFileType = text.plist.xml; path = "GoogleService-Info.plist"; sourceTree = "<group>"; };
		6DCDA9AD2D2B075A00AFA3DE /* ButtonHomeView.swift */ = {isa = PBXFileReference; lastKnownFileType = sourcecode.swift; path = ButtonHomeView.swift; sourceTree = "<group>"; };
		6DE6EA272D1A0F91009CF554 /* Reminder.app */ = {isa = PBXFileReference; explicitFileType = wrapper.application; includeInIndex = 0; path = Reminder.app; sourceTree = BUILT_PRODUCTS_DIR; };
		6DE6EA2A2D1A0F91009CF554 /* AppDelegate.swift */ = {isa = PBXFileReference; lastKnownFileType = sourcecode.swift; path = AppDelegate.swift; sourceTree = "<group>"; };
		6DE6EA2C2D1A0F91009CF554 /* SceneDelegate.swift */ = {isa = PBXFileReference; lastKnownFileType = sourcecode.swift; path = SceneDelegate.swift; sourceTree = "<group>"; };
		6DE6EA332D1A0F94009CF554 /* Assets.xcassets */ = {isa = PBXFileReference; lastKnownFileType = folder.assetcatalog; path = Assets.xcassets; sourceTree = "<group>"; };
		6DE6EA382D1A0F94009CF554 /* Info.plist */ = {isa = PBXFileReference; lastKnownFileType = text.plist.xml; path = Info.plist; sourceTree = "<group>"; };
		6DE6EA412D1AE44A009CF554 /* SplashViewController.swift */ = {isa = PBXFileReference; lastKnownFileType = sourcecode.swift; path = SplashViewController.swift; sourceTree = "<group>"; };
		6DE6EA432D1AE4F2009CF554 /* SplashView.swift */ = {isa = PBXFileReference; lastKnownFileType = sourcecode.swift; path = SplashView.swift; sourceTree = "<group>"; };
		6DE6EA472D1AF0B1009CF554 /* Colors.swift */ = {isa = PBXFileReference; lastKnownFileType = sourcecode.swift; path = Colors.swift; sourceTree = "<group>"; };
		6DE6EA492D1AF2C8009CF554 /* UIColor+Ext.swift */ = {isa = PBXFileReference; lastKnownFileType = sourcecode.swift; path = "UIColor+Ext.swift"; sourceTree = "<group>"; };
		6DF8F8F12D23903700283374 /* User.swift */ = {isa = PBXFileReference; lastKnownFileType = sourcecode.swift; path = User.swift; sourceTree = "<group>"; };
		6DF8F8F42D23912B00283374 /* UserDefaultsManager.swift */ = {isa = PBXFileReference; lastKnownFileType = sourcecode.swift; path = UserDefaultsManager.swift; sourceTree = "<group>"; };
		6DF8F8F72D23AC9B00283374 /* HomeViewController.swift */ = {isa = PBXFileReference; lastKnownFileType = sourcecode.swift; path = HomeViewController.swift; sourceTree = "<group>"; };
		6DF8F8F92D23ACBF00283374 /* HomeFlowDelegate.swift */ = {isa = PBXFileReference; lastKnownFileType = sourcecode.swift; path = HomeFlowDelegate.swift; sourceTree = "<group>"; };
		6DF8F8FB2D23ADE900283374 /* HomeView.swift */ = {isa = PBXFileReference; lastKnownFileType = sourcecode.swift; path = HomeView.swift; sourceTree = "<group>"; };
		6DF8F8FF2D23AEFE00283374 /* HomeViewModel.swift */ = {isa = PBXFileReference; lastKnownFileType = sourcecode.swift; path = HomeViewModel.swift; sourceTree = "<group>"; };
		6DFBA89C2D20720600511006 /* LoginBottomSheetViewController.swift */ = {isa = PBXFileReference; lastKnownFileType = sourcecode.swift; path = LoginBottomSheetViewController.swift; sourceTree = "<group>"; };
		6DFBA89E2D20724200511006 /* LoginBottomSheetView.swift */ = {isa = PBXFileReference; lastKnownFileType = sourcecode.swift; path = LoginBottomSheetView.swift; sourceTree = "<group>"; };
		6DFBA8A42D20811100511006 /* en */ = {isa = PBXFileReference; lastKnownFileType = text.plist.strings; name = en; path = en.lproj/Localizable.strings; sourceTree = "<group>"; };
		6DFBA8A72D2081D600511006 /* String+Ext.swift */ = {isa = PBXFileReference; lastKnownFileType = sourcecode.swift; path = "String+Ext.swift"; sourceTree = "<group>"; };
		D9DF7E845C65BB208A5E2B28 /* Pods-Reminder.release.xcconfig */ = {isa = PBXFileReference; includeInIndex = 1; lastKnownFileType = text.xcconfig; name = "Pods-Reminder.release.xcconfig"; path = "Target Support Files/Pods-Reminder/Pods-Reminder.release.xcconfig"; sourceTree = "<group>"; };
		DEB048E41EDA27FB32A04DA8 /* Pods-Reminder.debug.xcconfig */ = {isa = PBXFileReference; includeInIndex = 1; lastKnownFileType = text.xcconfig; name = "Pods-Reminder.debug.xcconfig"; path = "Target Support Files/Pods-Reminder/Pods-Reminder.debug.xcconfig"; sourceTree = "<group>"; };
/* End PBXFileReference section */

/* Begin PBXFrameworksBuildPhase section */
		6DE6EA242D1A0F91009CF554 /* Frameworks */ = {
			isa = PBXFrameworksBuildPhase;
			buildActionMask = 2147483647;
			files = (
				034842A265136D69FDACE524 /* Pods_Reminder.framework in Frameworks */,
			);
			runOnlyForDeploymentPostprocessing = 0;
		};
/* End PBXFrameworksBuildPhase section */

/* Begin PBXGroup section */
		64A687F95B36612A9CCD2A55 /* Frameworks */ = {
			isa = PBXGroup;
			children = (
				13DFBB02C5E8EE7A1D9630F4 /* Pods_Reminder.framework */,
			);
			name = Frameworks;
			sourceTree = "<group>";
		};
		6D02DFAB2D2C7836003C59E4 /* NewReceipt */ = {
			isa = PBXGroup;
			children = (
				6D02DFAC2D2C7847003C59E4 /* NewReceiptView.swift */,
				6D02DFAE2D2C787A003C59E4 /* NewReceiptViewController.swift */,
				6D64DC1C2D2D981400D070BA /* NewReceiptFlowDelegate.swift */,
				6D64DC1E2D2D9ECC00D070BA /* NewReceiptViewDelegate.swift */,
			);
			path = NewReceipt;
			sourceTree = "<group>";
		};
		6D02DFB02D2C81B6003C59E4 /* Input */ = {
			isa = PBXGroup;
			children = (
				6D02DFB12D2C81C7003C59E4 /* Input.swift */,
			);
			path = Input;
			sourceTree = "<group>";
		};
		6D031F352D231AC2001EE167 /* DependencyInjection */ = {
			isa = PBXGroup;
			children = (
				6D031F372D231ADB001EE167 /* ViewControllersFactory */,
			);
			path = DependencyInjection;
			sourceTree = "<group>";
		};
		6D031F372D231ADB001EE167 /* ViewControllersFactory */ = {
			isa = PBXGroup;
			children = (
				6D031F382D231AED001EE167 /* ViewControllersFactoryProtocol.swift */,
				6D031F3A2D231B38001EE167 /* ViewControllersFactory.swift */,
			);
			path = ViewControllersFactory;
			sourceTree = "<group>";
		};
		6D0C9BC92D24601E00BF12BC /* Components */ = {
			isa = PBXGroup;
			children = (
				6D64DC192D2D662F00D070BA /* Checkbox */,
				6D02DFB02D2C81B6003C59E4 /* Input */,
				6DCDA9AF2D2B076500AFA3DE /* ButtonHomeView */,
			);
			path = Components;
			sourceTree = "<group>";
		};
		6D64DC192D2D662F00D070BA /* Checkbox */ = {
			isa = PBXGroup;
			children = (
				6D64DC1A2D2D663900D070BA /* Checkbox.swift */,
			);
			path = Checkbox;
			sourceTree = "<group>";
		};
		6DB56A762D21B98300AEFC73 /* Fonts */ = {
			isa = PBXGroup;
			children = (
				6DB56A7E2D21BA2E00AEFC73 /* NunitoSans-ExtraBold.ttf */,
				6DB56A7D2D21BA2E00AEFC73 /* NunitoSans-Regular.ttf */,
				6DB56A7F2D21BA2E00AEFC73 /* NunitoSans-SemiBold.ttf */,
			);
			path = Fonts;
			sourceTree = "<group>";
		};
		6DB56A852D21CA6A00AEFC73 /* ViewModel */ = {
			isa = PBXGroup;
			children = (
				6DB56A862D21CA7900AEFC73 /* LoginBottomSheetViewModel.swift */,
				6D031F2F2D2307F2001EE167 /* LoginBottomSheetViewModelDelegate.swift */,
				6D031F312D23091F001EE167 /* LoginBottomSheetFlowDelegate.swift */,
			);
			path = ViewModel;
			sourceTree = "<group>";
		};
		6DCDA9AF2D2B076500AFA3DE /* ButtonHomeView */ = {
			isa = PBXGroup;
			children = (
				6DCDA9AD2D2B075A00AFA3DE /* ButtonHomeView.swift */,
			);
			path = ButtonHomeView;
			sourceTree = "<group>";
		};
		6DE6EA1E2D1A0F91009CF554 = {
			isa = PBXGroup;
			children = (
				6DE6EA292D1A0F91009CF554 /* Reminder */,
				6DE6EA282D1A0F91009CF554 /* Products */,
				B5FA276A698915DB959E049B /* Pods */,
				64A687F95B36612A9CCD2A55 /* Frameworks */,
			);
			sourceTree = "<group>";
		};
		6DE6EA282D1A0F91009CF554 /* Products */ = {
			isa = PBXGroup;
			children = (
				6DE6EA272D1A0F91009CF554 /* Reminder.app */,
			);
			name = Products;
			sourceTree = "<group>";
		};
		6DE6EA292D1A0F91009CF554 /* Reminder */ = {
			isa = PBXGroup;
			children = (
				6DB56A882D21CF9600AEFC73 /* GoogleService-Info.plist */,
				6DFBA8A02D20803400511006 /* Resources */,
				6DE6EA462D1AF0A8009CF554 /* Constants */,
				6DE6EA3E2D1AE412009CF554 /* Sources */,
				6DE6EA2A2D1A0F91009CF554 /* AppDelegate.swift */,
				6DE6EA2C2D1A0F91009CF554 /* SceneDelegate.swift */,
				6D031F2D2D22E61B001EE167 /* ReminderFlowController.swift */,
				6DE6EA382D1A0F94009CF554 /* Info.plist */,
			);
			path = Reminder;
			sourceTree = "<group>";
		};
		6DE6EA3E2D1AE412009CF554 /* Sources */ = {
			isa = PBXGroup;
			children = (
				6DF8F8FD2D23AEA400283374 /* Features */,
			);
			path = Sources;
			sourceTree = "<group>";
		};
		6DE6EA3F2D1AE41B009CF554 /* Scenes */ = {
			isa = PBXGroup;
			children = (
				6D02DFAB2D2C7836003C59E4 /* NewReceipt */,
				6DF8F8F62D23AC8D00283374 /* Home */,
				6DFBA89B2D2071EC00511006 /* LoginBottomSheet */,
				6DE6EA402D1AE43A009CF554 /* Splash */,
			);
			path = Scenes;
			sourceTree = "<group>";
		};
		6DE6EA402D1AE43A009CF554 /* Splash */ = {
			isa = PBXGroup;
			children = (
				6DE6EA432D1AE4F2009CF554 /* SplashView.swift */,
				6DE6EA412D1AE44A009CF554 /* SplashViewController.swift */,
				6D031F332D230D6D001EE167 /* SplashFlowDelegate.swift */,
			);
			path = Splash;
			sourceTree = "<group>";
		};
		6DE6EA462D1AF0A8009CF554 /* Constants */ = {
			isa = PBXGroup;
			children = (
				6DE6EA472D1AF0B1009CF554 /* Colors.swift */,
				6DE6EA492D1AF2C8009CF554 /* UIColor+Ext.swift */,
				6D8F08F52D1E06E4007DD3AE /* Typograph.swift */,
				6D8F08F72D1E08FA007DD3AE /* Metrics.swift */,
			);
			path = Constants;
			sourceTree = "<group>";
		};
		6DF8F8F02D23901200283374 /* Model */ = {
			isa = PBXGroup;
			children = (
				6DF8F8F12D23903700283374 /* User.swift */,
			);
			path = Model;
			sourceTree = "<group>";
		};
		6DF8F8F32D23910A00283374 /* UserDefaults */ = {
			isa = PBXGroup;
			children = (
				6DF8F8F42D23912B00283374 /* UserDefaultsManager.swift */,
			);
			path = UserDefaults;
			sourceTree = "<group>";
		};
		6DF8F8F62D23AC8D00283374 /* Home */ = {
			isa = PBXGroup;
			children = (
				6DF8F8FE2D23AEF200283374 /* ViewModel */,
				6DF8F8FB2D23ADE900283374 /* HomeView.swift */,
				6DF8F8F72D23AC9B00283374 /* HomeViewController.swift */,
				6DF8F8F92D23ACBF00283374 /* HomeFlowDelegate.swift */,
				6D5FAC952D25C8DA0040446F /* HomeViewDelegate.swift */,
			);
			path = Home;
			sourceTree = "<group>";
		};
		6DF8F8FD2D23AEA400283374 /* Features */ = {
			isa = PBXGroup;
			children = (
				6D0C9BC92D24601E00BF12BC /* Components */,
				6DFBA8A62D2081C200511006 /* Extensions */,
				6D031F352D231AC2001EE167 /* DependencyInjection */,
				6DF8F8F02D23901200283374 /* Model */,
				6DF8F8F32D23910A00283374 /* UserDefaults */,
				6DE6EA3F2D1AE41B009CF554 /* Scenes */,
			);
			path = Features;
			sourceTree = "<group>";
		};
		6DF8F8FE2D23AEF200283374 /* ViewModel */ = {
			isa = PBXGroup;
			children = (
				6DF8F8FF2D23AEFE00283374 /* HomeViewModel.swift */,
			);
			path = ViewModel;
			sourceTree = "<group>";
		};
		6DFBA89B2D2071EC00511006 /* LoginBottomSheet */ = {
			isa = PBXGroup;
			children = (
				6DB56A852D21CA6A00AEFC73 /* ViewModel */,
				6DFBA89E2D20724200511006 /* LoginBottomSheetView.swift */,
				6DFBA89C2D20720600511006 /* LoginBottomSheetViewController.swift */,
				6DB56A832D21C59900AEFC73 /* LoginBottomSheetViewDelegate.swift */,
			);
			path = LoginBottomSheet;
			sourceTree = "<group>";
		};
		6DFBA8A02D20803400511006 /* Resources */ = {
			isa = PBXGroup;
			children = (
				6DB56A762D21B98300AEFC73 /* Fonts */,
				6DE6EA332D1A0F94009CF554 /* Assets.xcassets */,
				6DFBA8A32D20811100511006 /* Localizable.strings */,
			);
			path = Resources;
			sourceTree = "<group>";
		};
		6DFBA8A62D2081C200511006 /* Extensions */ = {
			isa = PBXGroup;
			children = (
				6DFBA8A72D2081D600511006 /* String+Ext.swift */,
				6D0C9BC72D242F0600BF12BC /* UIViewController+Ext.swift */,
				6D0C9BCC2D2460D700BF12BC /* UIImageView+Ext.swift */,
			);
			path = Extensions;
			sourceTree = "<group>";
		};
		B5FA276A698915DB959E049B /* Pods */ = {
			isa = PBXGroup;
			children = (
				DEB048E41EDA27FB32A04DA8 /* Pods-Reminder.debug.xcconfig */,
				D9DF7E845C65BB208A5E2B28 /* Pods-Reminder.release.xcconfig */,
			);
			path = Pods;
			sourceTree = "<group>";
		};
/* End PBXGroup section */

/* Begin PBXNativeTarget section */
		6DE6EA262D1A0F91009CF554 /* Reminder */ = {
			isa = PBXNativeTarget;
			buildConfigurationList = 6DE6EA3B2D1A0F94009CF554 /* Build configuration list for PBXNativeTarget "Reminder" */;
			buildPhases = (
				1F0D6E831FE6E22AA31CD279 /* [CP] Check Pods Manifest.lock */,
				6DE6EA232D1A0F91009CF554 /* Sources */,
				6DE6EA242D1A0F91009CF554 /* Frameworks */,
				6DE6EA252D1A0F91009CF554 /* Resources */,
				FB2741F3E9CA484FF9487545 /* [CP] Embed Pods Frameworks */,
			);
			buildRules = (
			);
			dependencies = (
			);
			name = Reminder;
			productName = Reminder;
			productReference = 6DE6EA272D1A0F91009CF554 /* Reminder.app */;
			productType = "com.apple.product-type.application";
		};
/* End PBXNativeTarget section */

/* Begin PBXProject section */
		6DE6EA1F2D1A0F91009CF554 /* Project object */ = {
			isa = PBXProject;
			attributes = {
				BuildIndependentTargetsInParallel = 1;
				LastSwiftUpdateCheck = 1530;
				LastUpgradeCheck = 1530;
				TargetAttributes = {
					6DE6EA262D1A0F91009CF554 = {
						CreatedOnToolsVersion = 15.3;
					};
				};
			};
			buildConfigurationList = 6DE6EA222D1A0F91009CF554 /* Build configuration list for PBXProject "Reminder" */;
			compatibilityVersion = "Xcode 14.0";
			developmentRegion = en;
			hasScannedForEncodings = 0;
			knownRegions = (
				en,
				Base,
			);
			mainGroup = 6DE6EA1E2D1A0F91009CF554;
			productRefGroup = 6DE6EA282D1A0F91009CF554 /* Products */;
			projectDirPath = "";
			projectRoot = "";
			targets = (
				6DE6EA262D1A0F91009CF554 /* Reminder */,
			);
		};
/* End PBXProject section */

/* Begin PBXResourcesBuildPhase section */
		6DE6EA252D1A0F91009CF554 /* Resources */ = {
			isa = PBXResourcesBuildPhase;
			buildActionMask = 2147483647;
			files = (
				6DB56A822D21BA2E00AEFC73 /* NunitoSans-SemiBold.ttf in Resources */,
				6DFBA8A52D20811100511006 /* Localizable.strings in Resources */,
				6DB56A892D21CF9600AEFC73 /* GoogleService-Info.plist in Resources */,
				6DB56A812D21BA2E00AEFC73 /* NunitoSans-ExtraBold.ttf in Resources */,
				6DE6EA342D1A0F94009CF554 /* Assets.xcassets in Resources */,
				6DB56A802D21BA2E00AEFC73 /* NunitoSans-Regular.ttf in Resources */,
			);
			runOnlyForDeploymentPostprocessing = 0;
		};
/* End PBXResourcesBuildPhase section */

/* Begin PBXShellScriptBuildPhase section */
		1F0D6E831FE6E22AA31CD279 /* [CP] Check Pods Manifest.lock */ = {
			isa = PBXShellScriptBuildPhase;
			buildActionMask = 2147483647;
			files = (
			);
			inputFileListPaths = (
			);
			inputPaths = (
				"${PODS_PODFILE_DIR_PATH}/Podfile.lock",
				"${PODS_ROOT}/Manifest.lock",
			);
			name = "[CP] Check Pods Manifest.lock";
			outputFileListPaths = (
			);
			outputPaths = (
				"$(DERIVED_FILE_DIR)/Pods-Reminder-checkManifestLockResult.txt",
			);
			runOnlyForDeploymentPostprocessing = 0;
			shellPath = /bin/sh;
			shellScript = "diff \"${PODS_PODFILE_DIR_PATH}/Podfile.lock\" \"${PODS_ROOT}/Manifest.lock\" > /dev/null\nif [ $? != 0 ] ; then\n    # print error to STDERR\n    echo \"error: The sandbox is not in sync with the Podfile.lock. Run 'pod install' or update your CocoaPods installation.\" >&2\n    exit 1\nfi\n# This output is used by Xcode 'outputs' to avoid re-running this script phase.\necho \"SUCCESS\" > \"${SCRIPT_OUTPUT_FILE_0}\"\n";
			showEnvVarsInLog = 0;
		};
		FB2741F3E9CA484FF9487545 /* [CP] Embed Pods Frameworks */ = {
			isa = PBXShellScriptBuildPhase;
			buildActionMask = 2147483647;
			files = (
			);
			inputFileListPaths = (
				"${PODS_ROOT}/Target Support Files/Pods-Reminder/Pods-Reminder-frameworks-${CONFIGURATION}-input-files.xcfilelist",
			);
			name = "[CP] Embed Pods Frameworks";
			outputFileListPaths = (
				"${PODS_ROOT}/Target Support Files/Pods-Reminder/Pods-Reminder-frameworks-${CONFIGURATION}-output-files.xcfilelist",
			);
			runOnlyForDeploymentPostprocessing = 0;
			shellPath = /bin/sh;
			shellScript = "\"${PODS_ROOT}/Target Support Files/Pods-Reminder/Pods-Reminder-frameworks.sh\"\n";
			showEnvVarsInLog = 0;
		};
/* End PBXShellScriptBuildPhase section */

/* Begin PBXSourcesBuildPhase section */
		6DE6EA232D1A0F91009CF554 /* Sources */ = {
			isa = PBXSourcesBuildPhase;
			buildActionMask = 2147483647;
			files = (
				6D5FAC962D25C8DA0040446F /* HomeViewDelegate.swift in Sources */,
				6D0C9BC82D242F0600BF12BC /* UIViewController+Ext.swift in Sources */,
				6D64DC1D2D2D981400D070BA /* NewReceiptFlowDelegate.swift in Sources */,
				6DB56A872D21CA7900AEFC73 /* LoginBottomSheetViewModel.swift in Sources */,
				6DE6EA422D1AE44A009CF554 /* SplashViewController.swift in Sources */,
				6DE6EA482D1AF0B1009CF554 /* Colors.swift in Sources */,
				6DF8F9002D23AEFE00283374 /* HomeViewModel.swift in Sources */,
				6D031F3B2D231B38001EE167 /* ViewControllersFactory.swift in Sources */,
				6D031F392D231AED001EE167 /* ViewControllersFactoryProtocol.swift in Sources */,
				6D031F322D23091F001EE167 /* LoginBottomSheetFlowDelegate.swift in Sources */,
				6DF8F8FA2D23ACBF00283374 /* HomeFlowDelegate.swift in Sources */,
				6DE6EA442D1AE4F2009CF554 /* SplashView.swift in Sources */,
				6DF8F8F82D23AC9B00283374 /* HomeViewController.swift in Sources */,
				6D8F08F62D1E06E4007DD3AE /* Typograph.swift in Sources */,
				6DF8F8F22D23903800283374 /* User.swift in Sources */,
				6DFBA89D2D20720600511006 /* LoginBottomSheetViewController.swift in Sources */,
				6D031F342D230D6D001EE167 /* SplashFlowDelegate.swift in Sources */,
				6DFBA89F2D20724200511006 /* LoginBottomSheetView.swift in Sources */,
				6DCDA9AE2D2B075A00AFA3DE /* ButtonHomeView.swift in Sources */,
				6DE6EA4A2D1AF2C8009CF554 /* UIColor+Ext.swift in Sources */,
				6D02DFAD2D2C7847003C59E4 /* NewReceiptView.swift in Sources */,
				6D02DFB22D2C81C7003C59E4 /* Input.swift in Sources */,
				6DE6EA2B2D1A0F91009CF554 /* AppDelegate.swift in Sources */,
				6D031F302D2307F2001EE167 /* LoginBottomSheetViewModelDelegate.swift in Sources */,
				6D02DFAF2D2C787A003C59E4 /* NewReceiptViewController.swift in Sources */,
				6D031F2E2D22E61B001EE167 /* ReminderFlowController.swift in Sources */,
				6D64DC1F2D2D9ECC00D070BA /* NewReceiptViewDelegate.swift in Sources */,
				6DE6EA2D2D1A0F91009CF554 /* SceneDelegate.swift in Sources */,
				6D64DC1B2D2D663900D070BA /* Checkbox.swift in Sources */,
				6D0C9BCD2D2460D700BF12BC /* UIImageView+Ext.swift in Sources */,
				6DF8F8F52D23912B00283374 /* UserDefaultsManager.swift in Sources */,
				6D8F08F82D1E08FA007DD3AE /* Metrics.swift in Sources */,
				6DF8F8FC2D23ADE900283374 /* HomeView.swift in Sources */,
				6DB56A842D21C59900AEFC73 /* LoginBottomSheetViewDelegate.swift in Sources */,
				6DFBA8A82D2081D600511006 /* String+Ext.swift in Sources */,
			);
			runOnlyForDeploymentPostprocessing = 0;
		};
/* End PBXSourcesBuildPhase section */

/* Begin PBXVariantGroup section */
		6DFBA8A32D20811100511006 /* Localizable.strings */ = {
			isa = PBXVariantGroup;
			children = (
				6DFBA8A42D20811100511006 /* en */,
			);
			name = Localizable.strings;
			sourceTree = "<group>";
		};
/* End PBXVariantGroup section */

/* Begin XCBuildConfiguration section */
		6DE6EA392D1A0F94009CF554 /* Debug */ = {
			isa = XCBuildConfiguration;
			buildSettings = {
				ALWAYS_SEARCH_USER_PATHS = NO;
				ASSETCATALOG_COMPILER_GENERATE_SWIFT_ASSET_SYMBOL_EXTENSIONS = YES;
				CLANG_ANALYZER_NONNULL = YES;
				CLANG_ANALYZER_NUMBER_OBJECT_CONVERSION = YES_AGGRESSIVE;
				CLANG_CXX_LANGUAGE_STANDARD = "gnu++20";
				CLANG_ENABLE_MODULES = YES;
				CLANG_ENABLE_OBJC_ARC = YES;
				CLANG_ENABLE_OBJC_WEAK = YES;
				CLANG_WARN_BLOCK_CAPTURE_AUTORELEASING = YES;
				CLANG_WARN_BOOL_CONVERSION = YES;
				CLANG_WARN_COMMA = YES;
				CLANG_WARN_CONSTANT_CONVERSION = YES;
				CLANG_WARN_DEPRECATED_OBJC_IMPLEMENTATIONS = YES;
				CLANG_WARN_DIRECT_OBJC_ISA_USAGE = YES_ERROR;
				CLANG_WARN_DOCUMENTATION_COMMENTS = YES;
				CLANG_WARN_EMPTY_BODY = YES;
				CLANG_WARN_ENUM_CONVERSION = YES;
				CLANG_WARN_INFINITE_RECURSION = YES;
				CLANG_WARN_INT_CONVERSION = YES;
				CLANG_WARN_NON_LITERAL_NULL_CONVERSION = YES;
				CLANG_WARN_OBJC_IMPLICIT_RETAIN_SELF = YES;
				CLANG_WARN_OBJC_LITERAL_CONVERSION = YES;
				CLANG_WARN_OBJC_ROOT_CLASS = YES_ERROR;
				CLANG_WARN_QUOTED_INCLUDE_IN_FRAMEWORK_HEADER = YES;
				CLANG_WARN_RANGE_LOOP_ANALYSIS = YES;
				CLANG_WARN_STRICT_PROTOTYPES = YES;
				CLANG_WARN_SUSPICIOUS_MOVE = YES;
				CLANG_WARN_UNGUARDED_AVAILABILITY = YES_AGGRESSIVE;
				CLANG_WARN_UNREACHABLE_CODE = YES;
				CLANG_WARN__DUPLICATE_METHOD_MATCH = YES;
				COPY_PHASE_STRIP = NO;
				DEBUG_INFORMATION_FORMAT = dwarf;
				ENABLE_STRICT_OBJC_MSGSEND = YES;
				ENABLE_TESTABILITY = YES;
				ENABLE_USER_SCRIPT_SANDBOXING = YES;
				GCC_C_LANGUAGE_STANDARD = gnu17;
				GCC_DYNAMIC_NO_PIC = NO;
				GCC_NO_COMMON_BLOCKS = YES;
				GCC_OPTIMIZATION_LEVEL = 0;
				GCC_PREPROCESSOR_DEFINITIONS = (
					"DEBUG=1",
					"$(inherited)",
				);
				GCC_WARN_64_TO_32_BIT_CONVERSION = YES;
				GCC_WARN_ABOUT_RETURN_TYPE = YES_ERROR;
				GCC_WARN_UNDECLARED_SELECTOR = YES;
				GCC_WARN_UNINITIALIZED_AUTOS = YES_AGGRESSIVE;
				GCC_WARN_UNUSED_FUNCTION = YES;
				GCC_WARN_UNUSED_VARIABLE = YES;
				IPHONEOS_DEPLOYMENT_TARGET = 17.4;
				LOCALIZATION_PREFERS_STRING_CATALOGS = YES;
				MTL_ENABLE_DEBUG_INFO = INCLUDE_SOURCE;
				MTL_FAST_MATH = YES;
				ONLY_ACTIVE_ARCH = YES;
				SDKROOT = iphoneos;
				SWIFT_ACTIVE_COMPILATION_CONDITIONS = "DEBUG $(inherited)";
				SWIFT_OPTIMIZATION_LEVEL = "-Onone";
			};
			name = Debug;
		};
		6DE6EA3A2D1A0F94009CF554 /* Release */ = {
			isa = XCBuildConfiguration;
			buildSettings = {
				ALWAYS_SEARCH_USER_PATHS = NO;
				ASSETCATALOG_COMPILER_GENERATE_SWIFT_ASSET_SYMBOL_EXTENSIONS = YES;
				CLANG_ANALYZER_NONNULL = YES;
				CLANG_ANALYZER_NUMBER_OBJECT_CONVERSION = YES_AGGRESSIVE;
				CLANG_CXX_LANGUAGE_STANDARD = "gnu++20";
				CLANG_ENABLE_MODULES = YES;
				CLANG_ENABLE_OBJC_ARC = YES;
				CLANG_ENABLE_OBJC_WEAK = YES;
				CLANG_WARN_BLOCK_CAPTURE_AUTORELEASING = YES;
				CLANG_WARN_BOOL_CONVERSION = YES;
				CLANG_WARN_COMMA = YES;
				CLANG_WARN_CONSTANT_CONVERSION = YES;
				CLANG_WARN_DEPRECATED_OBJC_IMPLEMENTATIONS = YES;
				CLANG_WARN_DIRECT_OBJC_ISA_USAGE = YES_ERROR;
				CLANG_WARN_DOCUMENTATION_COMMENTS = YES;
				CLANG_WARN_EMPTY_BODY = YES;
				CLANG_WARN_ENUM_CONVERSION = YES;
				CLANG_WARN_INFINITE_RECURSION = YES;
				CLANG_WARN_INT_CONVERSION = YES;
				CLANG_WARN_NON_LITERAL_NULL_CONVERSION = YES;
				CLANG_WARN_OBJC_IMPLICIT_RETAIN_SELF = YES;
				CLANG_WARN_OBJC_LITERAL_CONVERSION = YES;
				CLANG_WARN_OBJC_ROOT_CLASS = YES_ERROR;
				CLANG_WARN_QUOTED_INCLUDE_IN_FRAMEWORK_HEADER = YES;
				CLANG_WARN_RANGE_LOOP_ANALYSIS = YES;
				CLANG_WARN_STRICT_PROTOTYPES = YES;
				CLANG_WARN_SUSPICIOUS_MOVE = YES;
				CLANG_WARN_UNGUARDED_AVAILABILITY = YES_AGGRESSIVE;
				CLANG_WARN_UNREACHABLE_CODE = YES;
				CLANG_WARN__DUPLICATE_METHOD_MATCH = YES;
				COPY_PHASE_STRIP = NO;
				DEBUG_INFORMATION_FORMAT = "dwarf-with-dsym";
				ENABLE_NS_ASSERTIONS = NO;
				ENABLE_STRICT_OBJC_MSGSEND = YES;
				ENABLE_USER_SCRIPT_SANDBOXING = YES;
				GCC_C_LANGUAGE_STANDARD = gnu17;
				GCC_NO_COMMON_BLOCKS = YES;
				GCC_WARN_64_TO_32_BIT_CONVERSION = YES;
				GCC_WARN_ABOUT_RETURN_TYPE = YES_ERROR;
				GCC_WARN_UNDECLARED_SELECTOR = YES;
				GCC_WARN_UNINITIALIZED_AUTOS = YES_AGGRESSIVE;
				GCC_WARN_UNUSED_FUNCTION = YES;
				GCC_WARN_UNUSED_VARIABLE = YES;
				IPHONEOS_DEPLOYMENT_TARGET = 17.4;
				LOCALIZATION_PREFERS_STRING_CATALOGS = YES;
				MTL_ENABLE_DEBUG_INFO = NO;
				MTL_FAST_MATH = YES;
				SDKROOT = iphoneos;
				SWIFT_COMPILATION_MODE = wholemodule;
				VALIDATE_PRODUCT = YES;
			};
			name = Release;
		};
		6DE6EA3C2D1A0F94009CF554 /* Debug */ = {
			isa = XCBuildConfiguration;
			baseConfigurationReference = DEB048E41EDA27FB32A04DA8 /* Pods-Reminder.debug.xcconfig */;
			buildSettings = {
				ASSETCATALOG_COMPILER_APPICON_NAME = AppIcon;
				ASSETCATALOG_COMPILER_GLOBAL_ACCENT_COLOR_NAME = AccentColor;
				CODE_SIGN_STYLE = Automatic;
				CURRENT_PROJECT_VERSION = 1;
				DEVELOPMENT_TEAM = NJ629K85TU;
				ENABLE_USER_SCRIPT_SANDBOXING = NO;
				GENERATE_INFOPLIST_FILE = YES;
				INFOPLIST_FILE = Reminder/Info.plist;
				INFOPLIST_KEY_CFBundleDisplayName = "";
				INFOPLIST_KEY_LSApplicationCategoryType = "";
				INFOPLIST_KEY_UIApplicationSupportsIndirectInputEvents = YES;
				INFOPLIST_KEY_UILaunchStoryboardName = SplashViewController;
				INFOPLIST_KEY_UISupportedInterfaceOrientations_iPad = "UIInterfaceOrientationPortrait UIInterfaceOrientationPortraitUpsideDown UIInterfaceOrientationLandscapeLeft UIInterfaceOrientationLandscapeRight";
				INFOPLIST_KEY_UISupportedInterfaceOrientations_iPhone = "UIInterfaceOrientationPortrait UIInterfaceOrientationLandscapeLeft UIInterfaceOrientationLandscapeRight";
				LD_RUNPATH_SEARCH_PATHS = (
					"$(inherited)",
					"@executable_path/Frameworks",
				);
				MARKETING_VERSION = 1.0;
				PRODUCT_BUNDLE_IDENTIFIER = com.edy.Reminder;
				PRODUCT_NAME = "$(TARGET_NAME)";
				SWIFT_EMIT_LOC_STRINGS = YES;
				SWIFT_VERSION = 5.0;
				TARGETED_DEVICE_FAMILY = "1,2";
			};
			name = Debug;
		};
		6DE6EA3D2D1A0F94009CF554 /* Release */ = {
			isa = XCBuildConfiguration;
			baseConfigurationReference = D9DF7E845C65BB208A5E2B28 /* Pods-Reminder.release.xcconfig */;
			buildSettings = {
				ASSETCATALOG_COMPILER_APPICON_NAME = AppIcon;
				ASSETCATALOG_COMPILER_GLOBAL_ACCENT_COLOR_NAME = AccentColor;
				CODE_SIGN_STYLE = Automatic;
				CURRENT_PROJECT_VERSION = 1;
				DEVELOPMENT_TEAM = NJ629K85TU;
				ENABLE_USER_SCRIPT_SANDBOXING = NO;
				GENERATE_INFOPLIST_FILE = YES;
				INFOPLIST_FILE = Reminder/Info.plist;
				INFOPLIST_KEY_CFBundleDisplayName = "";
				INFOPLIST_KEY_LSApplicationCategoryType = "";
				INFOPLIST_KEY_UIApplicationSupportsIndirectInputEvents = YES;
				INFOPLIST_KEY_UILaunchStoryboardName = SplashViewController;
				INFOPLIST_KEY_UISupportedInterfaceOrientations_iPad = "UIInterfaceOrientationPortrait UIInterfaceOrientationPortraitUpsideDown UIInterfaceOrientationLandscapeLeft UIInterfaceOrientationLandscapeRight";
				INFOPLIST_KEY_UISupportedInterfaceOrientations_iPhone = "UIInterfaceOrientationPortrait UIInterfaceOrientationLandscapeLeft UIInterfaceOrientationLandscapeRight";
				LD_RUNPATH_SEARCH_PATHS = (
					"$(inherited)",
					"@executable_path/Frameworks",
				);
				MARKETING_VERSION = 1.0;
				PRODUCT_BUNDLE_IDENTIFIER = com.edy.Reminder;
				PRODUCT_NAME = "$(TARGET_NAME)";
				SWIFT_EMIT_LOC_STRINGS = YES;
				SWIFT_VERSION = 5.0;
				TARGETED_DEVICE_FAMILY = "1,2";
			};
			name = Release;
		};
/* End XCBuildConfiguration section */

/* Begin XCConfigurationList section */
		6DE6EA222D1A0F91009CF554 /* Build configuration list for PBXProject "Reminder" */ = {
			isa = XCConfigurationList;
			buildConfigurations = (
				6DE6EA392D1A0F94009CF554 /* Debug */,
				6DE6EA3A2D1A0F94009CF554 /* Release */,
			);
			defaultConfigurationIsVisible = 0;
			defaultConfigurationName = Release;
		};
		6DE6EA3B2D1A0F94009CF554 /* Build configuration list for PBXNativeTarget "Reminder" */ = {
			isa = XCConfigurationList;
			buildConfigurations = (
				6DE6EA3C2D1A0F94009CF554 /* Debug */,
				6DE6EA3D2D1A0F94009CF554 /* Release */,
			);
			defaultConfigurationIsVisible = 0;
			defaultConfigurationName = Release;
		};
/* End XCConfigurationList section */
	};
	rootObject = 6DE6EA1F2D1A0F91009CF554 /* Project object */;
}
